
Microsoft Visual Studio Solution File, Format Version 12.00
# Visual Studio Version 17
VisualStudioVersion = 17.2.32630.192
MinimumVisualStudioVersion = 10.0.40219.1
Project("{9A19103F-16F7-4668-BE54-9A1E7A4F7556}") = "StockTrackingApp", "StockTrackingApp.csproj", "{8A2E7874-F814-4134-A631-46187EF0AA67}"
	ProjectSection(ProjectDependencies) = postProject
		{F7A9E7CD-2426-4DBE-9FC2-3983B4CE1726} = {F7A9E7CD-2426-4DBE-9FC2-3983B4CE1726}
	EndProjectSection
EndProject
Project("{9A19103F-16F7-4668-BE54-9A1E7A4F7556}") = "Core", "..\Core\Core.csproj", "{13D5891C-B17D-40B7-BEFC-50074FAD5290}"
EndProject
Project("{9A19103F-16F7-4668-BE54-9A1E7A4F7556}") = "EntityFrameworkCore", "..\EntityFrameworkCore\EntityFrameworkCore.csproj", "{F7A9E7CD-2426-4DBE-9FC2-3983B4CE1726}"
	ProjectSection(ProjectDependencies) = postProject
		{13D5891C-B17D-40B7-BEFC-50074FAD5290} = {13D5891C-B17D-40B7-BEFC-50074FAD5290}
	EndProjectSection
EndProject
Project("{2150E333-8FDC-42A3-9474-1A3956D46DE8}") = "Solution Items", "Solution Items", "{1FC571A4-2739-4CEB-960B-68A6F68B6132}"
	ProjectSection(SolutionItems) = preProject
		.editorconfig = .editorconfig
	EndProjectSection
EndProject
Global
	GlobalSection(SolutionConfigurationPlatforms) = preSolution
		Debug|Any CPU = Debug|Any CPU
		Release|Any CPU = Release|Any CPU
	EndGlobalSection
	GlobalSection(ProjectConfigurationPlatforms) = postSolution
		{8A2E7874-F814-4134-A631-46187EF0AA67}.Debug|Any CPU.ActiveCfg = Debug|Any CPU
		{8A2E7874-F814-4134-A631-46187EF0AA67}.Debug|Any CPU.Build.0 = Debug|Any CPU
		{8A2E7874-F814-4134-A631-46187EF0AA67}.Release|Any CPU.ActiveCfg = Release|Any CPU
		{8A2E7874-F814-4134-A631-46187EF0AA67}.Release|Any CPU.Build.0 = Release|Any CPU
		{13D5891C-B17D-40B7-BEFC-50074FAD5290}.Debug|Any CPU.ActiveCfg = Debug|Any CPU
		{13D5891C-B17D-40B7-BEFC-50074FAD5290}.Debug|Any CPU.Build.0 = Debug|Any CPU
		{13D5891C-B17D-40B7-BEFC-50074FAD5290}.Release|Any CPU.ActiveCfg = Release|Any CPU
		{13D5891C-B17D-40B7-BEFC-50074FAD5290}.Release|Any CPU.Build.0 = Release|Any CPU
		{F7A9E7CD-2426-4DBE-9FC2-3983B4CE1726}.Debug|Any CPU.ActiveCfg = Debug|Any CPU
		{F7A9E7CD-2426-4DBE-9FC2-3983B4CE1726}.Debug|Any CPU.Build.0 = Debug|Any CPU
		{F7A9E7CD-2426-4DBE-9FC2-3983B4CE1726}.Release|Any CPU.ActiveCfg = Release|Any CPU
		{F7A9E7CD-2426-4DBE-9FC2-3983B4CE1726}.Release|Any CPU.Build.0 = Release|Any CPU
	EndGlobalSection
	GlobalSection(SolutionProperties) = preSolution
		HideSolutionNode = FALSE
	EndGlobalSection
	GlobalSection(ExtensibilityGlobals) = postSolution
		SolutionGuid = {92813216-4D93-45F7-AC09-5F8B2E924466}
	EndGlobalSection
EndGlobal
