
Microsoft Visual Studio Solution File, Format Version 12.00
# Visual Studio Version 17
VisualStudioVersion = 17.2.32630.192
MinimumVisualStudioVersion = 10.0.40219.1
Project("{FAE04EC0-301F-11D3-BF4B-00C04F79EFBC}") = "StockTrackingApp", "StockTrackingApp.csproj", "{8A2E7874-F814-4134-A631-46187EF0AA67}"
EndProject
Global
	GlobalSection(SolutionConfigurationPlatforms) = preSolution
		Debug|Any CPU = Debug|Any CPU
		Release|Any CPU = Release|Any CPU
	EndGlobalSection
	GlobalSection(ProjectConfigurationPlatforms) = postSolution
		{8A2E7874-F814-4134-A631-46187EF0AA67}.Debug|Any CPU.ActiveCfg = Debug|Any CPU
		{8A2E7874-F814-4134-A631-46187EF0AA67}.Debug|Any CPU.Build.0 = Debug|Any CPU
		{8A2E7874-F814-4134-A631-46187EF0AA67}.Release|Any CPU.ActiveCfg = Release|Any CPU
		{8A2E7874-F814-4134-A631-46187EF0AA67}.Release|Any CPU.Build.0 = Release|Any CPU
	EndGlobalSection
	GlobalSection(SolutionProperties) = preSolution
		HideSolutionNode = FALSE
	EndGlobalSection
	GlobalSection(ExtensibilityGlobals) = postSolution
		SolutionGuid = {92813216-4D93-45F7-AC09-5F8B2E924466}
	EndGlobalSection
EndGlobal
